
Microsoft Visual Studio Solution File, Format Version 12.00
# Visual Studio Version 17
VisualStudioVersion = 17.4.33110.190
MinimumVisualStudioVersion = 10.0.40219.1
Project("{9A19103F-16F7-4668-BE54-9A1E7A4F7556}") = "Lazy.Domain", "Lazy.Domain\Lazy.Domain.csproj", "{25327601-C271-4390-8EA2-588EC99CC6AC}"
EndProject
Project("{9A19103F-16F7-4668-BE54-9A1E7A4F7556}") = "Lazy.Infrastructure", "Lazy.Infrastructure\Lazy.Infrastructure.csproj", "{D68B7B1D-31C7-4593-AC68-F48B637F5E40}"
EndProject
Project("{9A19103F-16F7-4668-BE54-9A1E7A4F7556}") = "Lazy.Presentation", "Lazy.Presentation\Lazy.Presentation.csproj", "{B2AC508F-DF99-4C22-A9C8-0B3F7D5667D1}"
EndProject
Project("{FAE04EC0-301F-11D3-BF4B-00C04F79EFBC}") = "Lazy.Services", "Lazy.Services\Lazy.Services.csproj", "{476A3654-1BDD-49EF-A164-7C5F693584D9}"
EndProject
Project("{FAE04EC0-301F-11D3-BF4B-00C04F79EFBC}") = "Lazy.DataContracts", "Lazy.DataContracts\Lazy.DataContracts.csproj", "{B962653A-7B32-4A4A-BA7F-EF2F40F2E5BB}"
EndProject
Project("{FAE04EC0-301F-11D3-BF4B-00C04F79EFBC}") = "Lazy.Repository", "Lazy.Repository\Lazy.Repository.csproj", "{E5A47FB0-2DBE-462C-B3D4-A94C9EC7A600}"
EndProject
Global
	GlobalSection(SolutionConfigurationPlatforms) = preSolution
		Debug|Any CPU = Debug|Any CPU
		Release|Any CPU = Release|Any CPU
	EndGlobalSection
	GlobalSection(ProjectConfigurationPlatforms) = postSolution
		{25327601-C271-4390-8EA2-588EC99CC6AC}.Debug|Any CPU.ActiveCfg = Debug|Any CPU
		{25327601-C271-4390-8EA2-588EC99CC6AC}.Debug|Any CPU.Build.0 = Debug|Any CPU
		{25327601-C271-4390-8EA2-588EC99CC6AC}.Release|Any CPU.ActiveCfg = Release|Any CPU
		{25327601-C271-4390-8EA2-588EC99CC6AC}.Release|Any CPU.Build.0 = Release|Any CPU
		{D68B7B1D-31C7-4593-AC68-F48B637F5E40}.Debug|Any CPU.ActiveCfg = Debug|Any CPU
		{D68B7B1D-31C7-4593-AC68-F48B637F5E40}.Debug|Any CPU.Build.0 = Debug|Any CPU
		{D68B7B1D-31C7-4593-AC68-F48B637F5E40}.Release|Any CPU.ActiveCfg = Release|Any CPU
		{D68B7B1D-31C7-4593-AC68-F48B637F5E40}.Release|Any CPU.Build.0 = Release|Any CPU
		{B2AC508F-DF99-4C22-A9C8-0B3F7D5667D1}.Debug|Any CPU.ActiveCfg = Debug|Any CPU
		{B2AC508F-DF99-4C22-A9C8-0B3F7D5667D1}.Debug|Any CPU.Build.0 = Debug|Any CPU
		{B2AC508F-DF99-4C22-A9C8-0B3F7D5667D1}.Release|Any CPU.ActiveCfg = Release|Any CPU
		{B2AC508F-DF99-4C22-A9C8-0B3F7D5667D1}.Release|Any CPU.Build.0 = Release|Any CPU
		{476A3654-1BDD-49EF-A164-7C5F693584D9}.Debug|Any CPU.ActiveCfg = Debug|Any CPU
		{476A3654-1BDD-49EF-A164-7C5F693584D9}.Debug|Any CPU.Build.0 = Debug|Any CPU
		{476A3654-1BDD-49EF-A164-7C5F693584D9}.Release|Any CPU.ActiveCfg = Release|Any CPU
		{476A3654-1BDD-49EF-A164-7C5F693584D9}.Release|Any CPU.Build.0 = Release|Any CPU
		{B962653A-7B32-4A4A-BA7F-EF2F40F2E5BB}.Debug|Any CPU.ActiveCfg = Debug|Any CPU
		{B962653A-7B32-4A4A-BA7F-EF2F40F2E5BB}.Debug|Any CPU.Build.0 = Debug|Any CPU
		{B962653A-7B32-4A4A-BA7F-EF2F40F2E5BB}.Release|Any CPU.ActiveCfg = Release|Any CPU
		{B962653A-7B32-4A4A-BA7F-EF2F40F2E5BB}.Release|Any CPU.Build.0 = Release|Any CPU
		{E5A47FB0-2DBE-462C-B3D4-A94C9EC7A600}.Debug|Any CPU.ActiveCfg = Debug|Any CPU
		{E5A47FB0-2DBE-462C-B3D4-A94C9EC7A600}.Debug|Any CPU.Build.0 = Debug|Any CPU
		{E5A47FB0-2DBE-462C-B3D4-A94C9EC7A600}.Release|Any CPU.ActiveCfg = Release|Any CPU
		{E5A47FB0-2DBE-462C-B3D4-A94C9EC7A600}.Release|Any CPU.Build.0 = Release|Any CPU
	EndGlobalSection
	GlobalSection(SolutionProperties) = preSolution
		HideSolutionNode = FALSE
	EndGlobalSection
	GlobalSection(ExtensibilityGlobals) = postSolution
		SolutionGuid = {F9DFDDF9-99B3-4A2B-A3E0-9B0C1D461CA0}
	EndGlobalSection
EndGlobal
